<?xml version="1.0" encoding="utf-8"?>
<Project ToolsVersion="17.0" xmlns="http://schemas.microsoft.com/developer/msbuild/2003">
  <ItemGroup>
    <ClCompile Include="C:\Users\Admin\Desktop\New folder\CCTech\Sketcher\Sketcher_autogen\mocs_compilation_Debug.cpp">
      <Filter>Source Files</Filter>
    </ClCompile>
    <ClCompile Include="C:\Users\Admin\Desktop\New folder\CCTech\Sketcher\geometry\src\ApplicationManager.cpp">
      <Filter>Source Files</Filter>
    </ClCompile>
    <ClCompile Include="C:\Users\Admin\Desktop\New folder\CCTech\Sketcher\geometry\src\FileConverter.cpp">
      <Filter>Source Files</Filter>
    </ClCompile>
    <ClCompile Include="C:\Users\Admin\Desktop\New folder\CCTech\Sketcher\geometry\src\ShapeFactory.cpp">
      <Filter>Source Files</Filter>
    </ClCompile>
    <ClCompile Include="C:\Users\Admin\Desktop\New folder\CCTech\Sketcher\geometry\src\bezier.cpp">
      <Filter>Source Files</Filter>
    </ClCompile>
    <ClCompile Include="C:\Users\Admin\Desktop\New folder\CCTech\Sketcher\geometry\src\cuboid.cpp">
      <Filter>Source Files</Filter>
    </ClCompile>
    <ClCompile Include="C:\Users\Admin\Desktop\New folder\CCTech\Sketcher\geometry\src\cylinder.cpp">
      <Filter>Source Files</Filter>
    </ClCompile>
    <ClCompile Include="C:\Users\Admin\Desktop\New folder\CCTech\Sketcher\geometry\src\line3D.cpp">
      <Filter>Source Files</Filter>
    </ClCompile>
    <ClCompile Include="C:\Users\Admin\Desktop\New folder\CCTech\Sketcher\geometry\src\plot_utils.cpp">
      <Filter>Source Files</Filter>
    </ClCompile>
    <ClCompile Include="C:\Users\Admin\Desktop\New folder\CCTech\Sketcher\geometry\src\polygon.cpp">
      <Filter>Source Files</Filter>
    </ClCompile>
    <ClCompile Include="C:\Users\Admin\Desktop\New folder\CCTech\Sketcher\geometry\src\polyline.cpp">
      <Filter>Source Files</Filter>
    </ClCompile>
    <ClCompile Include="C:\Users\Admin\Desktop\New folder\CCTech\Sketcher\geometry\src\sphere.cpp">
      <Filter>Source Files</Filter>
    </ClCompile>
    <ClCompile Include="C:\Users\Admin\Desktop\New folder\CCTech\Sketcher\geometry\src\structure.cpp">
      <Filter>Source Files</Filter>
    </ClCompile>
    <ClCompile Include="C:\Users\Admin\Desktop\New folder\CCTech\Sketcher\geometry\src\triangle.cpp">
      <Filter>Source Files</Filter>
    </ClCompile>
    <ClCompile Include="C:\Users\Admin\Desktop\New folder\CCTech\Sketcher\SketcherGUI\src\main.cpp">
      <Filter>Source Files</Filter>
    </ClCompile>
    <ClCompile Include="C:\Users\Admin\Desktop\New folder\CCTech\Sketcher\SketcherGUI\src\mainwindow.cpp">
      <Filter>Source Files</Filter>
    </ClCompile>
    <ClCompile Include="C:\Users\Admin\Desktop\New folder\CCTech\Sketcher\SketcherGUI\src\GLWidget.cpp">
      <Filter>Source Files</Filter>
    </ClCompile>
    <ClCompile Include="C:\Users\Admin\Desktop\New folder\CCTech\Sketcher\SketcherGUI\src\ShapeInputDialog.cpp">
      <Filter>Source Files</Filter>
    </ClCompile>
    <ClCompile Include="C:\Users\Admin\Desktop\New folder\CCTech\Sketcher\SketcherGUI\src\TransformDialogue.cpp">
      <Filter>Source Files</Filter>
    </ClCompile>
    <ClCompile Include="C:\Users\Admin\Desktop\New folder\CCTech\Sketcher\SketcherGUI\src\SketchGLWidget.cpp">
      <Filter>Source Files</Filter>
    </ClCompile>
    <ClCompile Include="C:\Users\Admin\Desktop\New folder\CCTech\Sketcher\SketcherGUI\src\SketchWindow.cpp">
      <Filter>Source Files</Filter>
    </ClCompile>
    <ClCompile Include="C:\Users\Admin\Desktop\New folder\CCTech\Sketcher\SketcherGUI\src\polygon_boolean.cpp">
      <Filter>Source Files</Filter>
    </ClCompile>
    <ClCompile Include="C:\Users\Admin\Desktop\New folder\CCTech\Sketcher\SketcherGUI\src\ExtrudeUtils.cpp">
      <Filter>Source Files</Filter>
    </ClCompile>
    <ClCompile Include="C:\Users\Admin\Desktop\New folder\CCTech\Sketcher\SketcherGUI\src\clipper.cpp">
      <Filter>Source Files</Filter>
    </ClCompile>
    <ClCompile Include="C:\Users\Admin\Desktop\New folder\CCTech\Sketcher\Sketcher_autogen\mocs_compilation_Release.cpp">
      <Filter>Source Files</Filter>
    </ClCompile>
    <ClCompile Include="C:\Users\Admin\Desktop\New folder\CCTech\Sketcher\Sketcher_autogen\mocs_compilation_MinSizeRel.cpp">
      <Filter>Source Files</Filter>
    </ClCompile>
    <ClCompile Include="C:\Users\Admin\Desktop\New folder\CCTech\Sketcher\Sketcher_autogen\mocs_compilation_RelWithDebInfo.cpp">
      <Filter>Source Files</Filter>
    </ClCompile>
  </ItemGroup>
  <ItemGroup>
    <ClInclude Include="C:\Users\Admin\Desktop\New folder\CCTech\Sketcher\SketcherGUI\include\mainwindow.h">
      <Filter>Header Files</Filter>
    </ClInclude>
    <ClInclude Include="C:\Users\Admin\Desktop\New folder\CCTech\Sketcher\SketcherGUI\include\GLWidget.h">
      <Filter>Header Files</Filter>
    </ClInclude>
    <ClInclude Include="C:\Users\Admin\Desktop\New folder\CCTech\Sketcher\SketcherGUI\include\ShapeInputDialog.h">
      <Filter>Header Files</Filter>
    </ClInclude>
    <ClInclude Include="C:\Users\Admin\Desktop\New folder\CCTech\Sketcher\SketcherGUI\include\TransformDialogue.h">
      <Filter>Header Files</Filter>
    </ClInclude>
    <ClInclude Include="C:\Users\Admin\Desktop\New folder\CCTech\Sketcher\SketcherGUI\include\SketchGLWidget.h">
      <Filter>Header Files</Filter>
    </ClInclude>
    <ClInclude Include="C:\Users\Admin\Desktop\New folder\CCTech\Sketcher\SketcherGUI\include\SketchWindow.h">
      <Filter>Header Files</Filter>
    </ClInclude>
    <ClInclude Include="C:\Users\Admin\Desktop\New folder\CCTech\Sketcher\SketcherGUI\include\polygon_boolean.h">
      <Filter>Header Files</Filter>
    </ClInclude>
    <ClInclude Include="C:\Users\Admin\Desktop\New folder\CCTech\Sketcher\SketcherGUI\include\ExtrudeUtils.h">
      <Filter>Header Files</Filter>
    </ClInclude>
    <ClInclude Include="C:\Users\Admin\Desktop\New folder\CCTech\Sketcher\SketcherGUI\include\clipper.hpp">
      <Filter>Header Files</Filter>
    </ClInclude>
    <ClInclude Include="C:\Users\Admin\Desktop\New folder\CCTech\Sketcher\Sketcher_autogen\include_Debug\SketcherGUI\src\ui_mainwindow.h">
      <Filter>Header Files</Filter>
    </ClInclude>
    <ClInclude Include="C:\Users\Admin\Desktop\New folder\CCTech\Sketcher\Sketcher_autogen\include_Release\SketcherGUI\src\ui_mainwindow.h">
      <Filter>Header Files</Filter>
    </ClInclude>
    <ClInclude Include="C:\Users\Admin\Desktop\New folder\CCTech\Sketcher\Sketcher_autogen\include_MinSizeRel\SketcherGUI\src\ui_mainwindow.h">
      <Filter>Header Files</Filter>
    </ClInclude>
    <ClInclude Include="C:\Users\Admin\Desktop\New folder\CCTech\Sketcher\Sketcher_autogen\include_RelWithDebInfo\SketcherGUI\src\ui_mainwindow.h">
      <Filter>Header Files</Filter>
    </ClInclude>
  </ItemGroup>
  <ItemGroup>
    <CustomBuild Include="C:\Users\Admin\Desktop\New folder\CCTech\Sketcher\CMakeFiles\03e132a87fcba3a0ab860c1c443fc02b\autouic_(CONFIG).stamp.rule">
      <Filter>CMake Rules</Filter>
    </CustomBuild>
    <CustomBuild Include="C:\Users\Admin\Desktop\New folder\CCTech\Sketcher\CMakeLists.txt" />
  </ItemGroup>
  <ItemGroup>
    <None Include="C:\Users\Admin\Desktop\New folder\CCTech\Sketcher\SketcherGUI\src\mainwindow.ui" />
    <None Include="C:\Users\Admin\Desktop\New folder\CCTech\Sketcher\Sketcher_autogen\autouic_Debug.stamp" />
    <None Include="C:\Users\Admin\Desktop\New folder\CCTech\Sketcher\Sketcher_autogen\autouic_Release.stamp" />
    <None Include="C:\Users\Admin\Desktop\New folder\CCTech\Sketcher\Sketcher_autogen\autouic_MinSizeRel.stamp" />
    <None Include="C:\Users\Admin\Desktop\New folder\CCTech\Sketcher\Sketcher_autogen\autouic_RelWithDebInfo.stamp" />
  </ItemGroup>
  <ItemGroup>
    <Filter Include="CMake Rules">
      <UniqueIdentifier>{A65DDF58-6777-30A5-91D4-B20B4E3B129B}</UniqueIdentifier>
    </Filter>
    <Filter Include="Header Files">
      <UniqueIdentifier>{C090FA9D-3372-3D91-94E7-A689CBD138E8}</UniqueIdentifier>
    </Filter>
    <Filter Include="Source Files">
      <UniqueIdentifier>{1641E4BF-697F-3B43-B2BD-6CE66B1DC157}</UniqueIdentifier>
    </Filter>
  </ItemGroup>
</Project>
